
Microsoft Visual Studio Solution File, Format Version 12.00
# Visual Studio 15
VisualStudioVersion = 15.0.27130.0
MinimumVisualStudioVersion = 10.0.40219.1
Project("{9A19103F-16F7-4668-BE54-9A1E7A4F7556}") = "Beazley.DNO.Portal.MockNetStandard", "Beazley.DNO.Service.NetStandard\Beazley.DNO.Portal.Mock\Beazley.DNO.Portal.MockNetStandard.csproj", "{2E1741D4-DA3C-480C-9E91-2DE2B62A9EFB}"
EndProject
Project("{9A19103F-16F7-4668-BE54-9A1E7A4F7556}") = "Beazley.ServiceProxyNetStandard", "Beazley.DNO.Service.NetStandard\Beazley.ServiceProxy\Beazley.ServiceProxyNetStandard.csproj", "{F90752D0-EBDD-40D3-B79F-43B34F108538}"
EndProject
Project("{9A19103F-16F7-4668-BE54-9A1E7A4F7556}") = "Beazley.ServiceModels.NetStandard", "Beazley.DNO.Service.NetStandard\Beazley.ServiceModels\Beazley.ServiceModels.NetStandard.csproj", "{910EEA24-19B9-4C4C-A625-F3E0E63FA398}"
EndProject
Project("{9A19103F-16F7-4668-BE54-9A1E7A4F7556}") = "Beazley.Consumer.NetStandard", "Beazley.DNO.Service.NetStandard\Beazley.Consumer\Beazley.Consumer.NetStandard.csproj", "{765A2E41-D31D-4901-B707-13CFB3BABFF7}"
EndProject
Global
	GlobalSection(SolutionConfigurationPlatforms) = preSolution
		Debug|Any CPU = Debug|Any CPU
		Release|Any CPU = Release|Any CPU
	EndGlobalSection
	GlobalSection(ProjectConfigurationPlatforms) = postSolution
		{2E1741D4-DA3C-480C-9E91-2DE2B62A9EFB}.Debug|Any CPU.ActiveCfg = Debug|Any CPU
		{2E1741D4-DA3C-480C-9E91-2DE2B62A9EFB}.Debug|Any CPU.Build.0 = Debug|Any CPU
		{2E1741D4-DA3C-480C-9E91-2DE2B62A9EFB}.Release|Any CPU.ActiveCfg = Release|Any CPU
		{2E1741D4-DA3C-480C-9E91-2DE2B62A9EFB}.Release|Any CPU.Build.0 = Release|Any CPU
		{F90752D0-EBDD-40D3-B79F-43B34F108538}.Debug|Any CPU.ActiveCfg = Debug|Any CPU
		{F90752D0-EBDD-40D3-B79F-43B34F108538}.Debug|Any CPU.Build.0 = Debug|Any CPU
		{F90752D0-EBDD-40D3-B79F-43B34F108538}.Release|Any CPU.ActiveCfg = Release|Any CPU
		{F90752D0-EBDD-40D3-B79F-43B34F108538}.Release|Any CPU.Build.0 = Release|Any CPU
		{910EEA24-19B9-4C4C-A625-F3E0E63FA398}.Debug|Any CPU.ActiveCfg = Debug|Any CPU
		{910EEA24-19B9-4C4C-A625-F3E0E63FA398}.Debug|Any CPU.Build.0 = Debug|Any CPU
		{910EEA24-19B9-4C4C-A625-F3E0E63FA398}.Release|Any CPU.ActiveCfg = Release|Any CPU
		{910EEA24-19B9-4C4C-A625-F3E0E63FA398}.Release|Any CPU.Build.0 = Release|Any CPU
		{765A2E41-D31D-4901-B707-13CFB3BABFF7}.Debug|Any CPU.ActiveCfg = Debug|Any CPU
		{765A2E41-D31D-4901-B707-13CFB3BABFF7}.Debug|Any CPU.Build.0 = Debug|Any CPU
		{765A2E41-D31D-4901-B707-13CFB3BABFF7}.Release|Any CPU.ActiveCfg = Release|Any CPU
		{765A2E41-D31D-4901-B707-13CFB3BABFF7}.Release|Any CPU.Build.0 = Release|Any CPU
	EndGlobalSection
	GlobalSection(SolutionProperties) = preSolution
		HideSolutionNode = FALSE
	EndGlobalSection
	GlobalSection(ExtensibilityGlobals) = postSolution
		SolutionGuid = {023A1F42-659B-4C4C-990D-DD981223D9BD}
	EndGlobalSection
EndGlobal
